<?xml version="1.0" encoding="UTF-8" standalone="yes" ?>
<CodeBlocks_project_file>
	<FileVersion major="1" minor="6" />
	<Project>
		<Option title="tlang" />
		<Option pch_mode="2" />
		<Option compiler="gcc" />
		<Build>
			<Target title="Debug">
				<Option output="bin/Debug/tlang" prefix_auto="1" extension_auto="1" />
				<Option object_output="obj/Debug/" />
				<Option type="1" />
				<Option compiler="gcc" />
				<Compiler>
					<Add option="-g" />
				</Compiler>
			</Target>
			<Target title="Release">
				<Option output="bin/Release/tlang" prefix_auto="1" extension_auto="1" />
				<Option object_output="obj/Release/" />
				<Option type="1" />
				<Option compiler="gcc" />
				<Compiler>
					<Add option="-O2" />
				</Compiler>
				<Linker>
					<Add option="-s" />
				</Linker>
			</Target>
		</Build>
		<Compiler>
			<Add option="-Wall" />
			<Add option="-std=c++17" />
			<Add option="-fexceptions" />
			<Add directory="include" />
		</Compiler>
		<Linker>
			<Add option="-O3" />
			<Add option="-Wl,--stack,268435456" />
		</Linker>
		<Unit filename="include/stackframe.h" />
		<Unit filename="include/texceptions.h" />
		<Unit filename="include/tfunctions.h" />
		<Unit filename="include/tinterpreter.h" />
		<Unit filename="include/tlexer.h" />
		<Unit filename="include/tparser.h" />
		<Unit filename="include/tresolver.h" />
		<Unit filename="input" />
		<Unit filename="main.cpp" />
		<Unit filename="output" />
		<Unit filename="src/stackframe.cpp" />
		<Unit filename="src/texceptions.cpp" />
		<Unit filename="src/tfunctions.cpp" />
		<Unit filename="src/tinterpreter.cpp" />
		<Unit filename="src/tlexer.cpp" />
		<Unit filename="src/tparser.cpp" />
		<Unit filename="src/tresolver.cpp" />
		<Unit filename="testcases" />
		<Extensions>
			<lib_finder disable_auto="1" />
		</Extensions>
	</Project>
</CodeBlocks_project_file>
